{
  "name": "vuejs_up_and_running_code",
  "version": "1.0.0",
  "lockfileVersion": 1,
  "requires": true,
  "dependencies": {
    "mock": {
      "version": "0.1.1",
      "resolved": "https://registry.npm.taobao.org/mock/download/mock-0.1.1.tgz",
      "integrity": "sha1-5+NYnH5rM3bWn1o+RwtWYEQXxjM="
    }
  }
}
